
Microsoft Visual Studio Solution File, Format Version 12.00
# Visual Studio Version 17
VisualStudioVersion = 17.13.35806.99
MinimumVisualStudioVersion = 10.0.40219.1
Project("{FAE04EC0-301F-11D3-BF4B-00C04F79EFBC}") = "EniarofWindowsForms", "EniarofWindowsForms\EniarofWindowsForms.csproj", "{1618D143-6CAE-4CD9-93AE-9159B2A37962}"
EndProject
Global
	GlobalSection(SolutionConfigurationPlatforms) = preSolution
		Debug|Any CPU = Debug|Any CPU
		Debug|x64 = Debug|x64
		Release|Any CPU = Release|Any CPU
		Release|x64 = Release|x64
	EndGlobalSection
	GlobalSection(ProjectConfigurationPlatforms) = postSolution
		{1618D143-6CAE-4CD9-93AE-9159B2A37962}.Debug|Any CPU.ActiveCfg = Debug|Any CPU
		{1618D143-6CAE-4CD9-93AE-9159B2A37962}.Debug|Any CPU.Build.0 = Debug|Any CPU
		{1618D143-6CAE-4CD9-93AE-9159B2A37962}.Debug|x64.ActiveCfg = Debug|x64
		{1618D143-6CAE-4CD9-93AE-9159B2A37962}.Debug|x64.Build.0 = Debug|x64
		{1618D143-6CAE-4CD9-93AE-9159B2A37962}.Release|Any CPU.ActiveCfg = Release|Any CPU
		{1618D143-6CAE-4CD9-93AE-9159B2A37962}.Release|Any CPU.Build.0 = Release|Any CPU
		{1618D143-6CAE-4CD9-93AE-9159B2A37962}.Release|x64.ActiveCfg = Release|x64
		{1618D143-6CAE-4CD9-93AE-9159B2A37962}.Release|x64.Build.0 = Release|x64
	EndGlobalSection
	GlobalSection(SolutionProperties) = preSolution
		HideSolutionNode = FALSE
	EndGlobalSection
	GlobalSection(ExtensibilityGlobals) = postSolution
		SolutionGuid = {FCDA7723-8147-45EF-B264-E5B114C37482}
	EndGlobalSection
EndGlobal
